
Microsoft Visual Studio Solution File, Format Version 12.00
# Visual Studio 2012
Project("{FAE04EC0-301F-11D3-BF4B-00C04F79EFBC}") = "testExpand", "testExpand\testExpand.csproj", "{FAA299A3-B44F-4CF2-B277-20B4791B3992}"
EndProject
Global
	GlobalSection(SolutionConfigurationPlatforms) = preSolution
		Debug|Any CPU = Debug|Any CPU
		Release|Any CPU = Release|Any CPU
	EndGlobalSection
	GlobalSection(ProjectConfigurationPlatforms) = postSolution
		{FAA299A3-B44F-4CF2-B277-20B4791B3992}.Debug|Any CPU.ActiveCfg = Debug|Any CPU
		{FAA299A3-B44F-4CF2-B277-20B4791B3992}.Debug|Any CPU.Build.0 = Debug|Any CPU
		{FAA299A3-B44F-4CF2-B277-20B4791B3992}.Release|Any CPU.ActiveCfg = Release|Any CPU
		{FAA299A3-B44F-4CF2-B277-20B4791B3992}.Release|Any CPU.Build.0 = Release|Any CPU
	EndGlobalSection
	GlobalSection(SolutionProperties) = preSolution
		HideSolutionNode = FALSE
	EndGlobalSection
EndGlobal
